
Microsoft Visual Studio Solution File, Format Version 12.00
# Visual Studio Version 17
VisualStudioVersion = 17.0.31903.59
MinimumVisualStudioVersion = 10.0.40219.1
Project("{9A19103F-16F7-4668-BE54-9A1E7A4F7556}") = "RuriLib", "RuriLib\RuriLib.csproj", "{88BCE6FF-F140-438B-AFD7-A4D3FFC274B8}"
EndProject
Project("{2150E333-8FDC-42A3-9474-1A3956D46DE8}") = "Solution Items", "Solution Items", "{D0856422-6DC8-4D9C-BF4F-30DBD4258C8E}"
	ProjectSection(SolutionItems) = preProject
		.editorconfig = .editorconfig
	EndProjectSection
EndProject
Project("{9A19103F-16F7-4668-BE54-9A1E7A4F7556}") = "RuriLib.Http", "RuriLib.Http\RuriLib.Http.csproj", "{126554DF-B504-2676-1A89-C1079356F70F}"
EndProject
Project("{9A19103F-16F7-4668-BE54-9A1E7A4F7556}") = "RuriLib.Parallelization", "RuriLib.Parallelization\RuriLib.Parallelization.csproj", "{20C4BF2F-C7DE-4D37-0942-D4FB8CD419A7}"
EndProject
Project("{9A19103F-16F7-4668-BE54-9A1E7A4F7556}") = "RuriLib.Proxies", "RuriLib.Proxies\RuriLib.Proxies.csproj", "{FAF39867-A6C8-4889-BE37-BBB6DFDC97FF}"
EndProject
Project("{9A19103F-16F7-4668-BE54-9A1E7A4F7556}") = "RuriLib.Http.Tests", "RuriLib.Http.Tests\RuriLib.Http.Tests.csproj", "{84E251A1-9F3E-45F7-AD66-AEB254093572}"
EndProject
Project("{9A19103F-16F7-4668-BE54-9A1E7A4F7556}") = "OpenBullet2.Core", "OpenBullet2.Core\OpenBullet2.Core.csproj", "{6D601FCE-D6E9-459B-96D8-27B998425950}"
EndProject
Project("{9A19103F-16F7-4668-BE54-9A1E7A4F7556}") = "OpenBullet2.Native", "OpenBullet2.Native\OpenBullet2.Native.csproj", "{AF4F29CC-3C09-45FE-9B25-2001694EDF34}"
EndProject
Project("{9A19103F-16F7-4668-BE54-9A1E7A4F7556}") = "OpenBullet2.Native.Updater", "OpenBullet2.Native.Updater\OpenBullet2.Native.Updater.csproj", "{9D1622CE-8945-40D3-9C09-DA3C07F91F7B}"
EndProject
Project("{FAE04EC0-301F-11D3-BF4B-00C04F79EFBC}") = "OpenBullet2.Shared", "OpenBullet2.Shared\OpenBullet2.Shared.csproj", "{6B20E994-B084-408A-9C4E-27A874E9324F}"
EndProject
Project("{2150E333-8FDC-42A3-9474-1A3956D46DE8}") = "OpenBullet2.Web", "OpenBullet2.Web", "{5E565A54-8928-26C4-7D97-CC3843729226}"
EndProject
Project("{FAE04EC0-301F-11D3-BF4B-00C04F79EFBC}") = "OpenBullet2.Web.Api", "OpenBullet2.Web\OpenBullet2.Web.Api\OpenBullet2.Web.Api.csproj", "{44E9F750-7D6B-4A81-B77E-544E2569DBF5}"
EndProject
Project("{FAE04EC0-301F-11D3-BF4B-00C04F79EFBC}") = "OpenBullet2.Shared.Tests", "OpenBullet2.Shared.Tests\OpenBullet2.Shared.Tests.csproj", "{CF994346-D728-4992-A5F7-9773ADD8B37F}"
EndProject
Project("{FAE04EC0-301F-11D3-BF4B-00C04F79EFBC}") = "OpenBullet2.Web.Api.Tests", "OpenBullet2.Web.Api.Tests\OpenBullet2.Web.Api.Tests.csproj", "{98093CA2-7574-42E2-BD87-B068E6E47118}"
EndProject
Project("{2150E333-8FDC-42A3-9474-1A3956D46DE8}") = "Libraries", "Libraries", "{F2E35B3E-9711-EDEC-6202-DB40BDEED14A}"
EndProject
Project("{2150E333-8FDC-42A3-9474-1A3956D46DE8}") = "TlsClient.NET", "TlsClient.NET", "{A309D6C4-65A2-E7E8-8234-9359597CD267}"
EndProject
Project("{2150E333-8FDC-42A3-9474-1A3956D46DE8}") = "src", "src", "{5C8941D3-1B3F-86FC-F7B6-EEB6AE18A232}"
EndProject
Project("{FAE04EC0-301F-11D3-BF4B-00C04F79EFBC}") = "TlsClient.Native", "Libraries\TlsClient.NET\src\TlsClient.Native\TlsClient.Native.csproj", "{D32EF491-D273-4092-A3CC-CE06FFAE75D5}"
EndProject
Project("{FAE04EC0-301F-11D3-BF4B-00C04F79EFBC}") = "TlsClient.Core", "Libraries\TlsClient.NET\src\TlsClient.Core\TlsClient.Core.csproj", "{621662C8-0BE4-4EC6-8DF6-4D64AAF8E474}"
EndProject
Global
	GlobalSection(SolutionConfigurationPlatforms) = preSolution
		Debug|Any CPU = Debug|Any CPU
		Debug|x64 = Debug|x64
		Debug|x86 = Debug|x86
		Release|Any CPU = Release|Any CPU
		Release|x64 = Release|x64
		Release|x86 = Release|x86
	EndGlobalSection
	GlobalSection(ProjectConfigurationPlatforms) = postSolution
		{88BCE6FF-F140-438B-AFD7-A4D3FFC274B8}.Debug|Any CPU.ActiveCfg = Debug|Any CPU
		{88BCE6FF-F140-438B-AFD7-A4D3FFC274B8}.Debug|Any CPU.Build.0 = Debug|Any CPU
		{88BCE6FF-F140-438B-AFD7-A4D3FFC274B8}.Debug|x64.ActiveCfg = Debug|Any CPU
		{88BCE6FF-F140-438B-AFD7-A4D3FFC274B8}.Debug|x64.Build.0 = Debug|Any CPU
		{88BCE6FF-F140-438B-AFD7-A4D3FFC274B8}.Debug|x86.ActiveCfg = Debug|Any CPU
		{88BCE6FF-F140-438B-AFD7-A4D3FFC274B8}.Debug|x86.Build.0 = Debug|Any CPU
		{88BCE6FF-F140-438B-AFD7-A4D3FFC274B8}.Release|Any CPU.ActiveCfg = Release|Any CPU
		{88BCE6FF-F140-438B-AFD7-A4D3FFC274B8}.Release|Any CPU.Build.0 = Release|Any CPU
		{88BCE6FF-F140-438B-AFD7-A4D3FFC274B8}.Release|x64.ActiveCfg = Release|Any CPU
		{88BCE6FF-F140-438B-AFD7-A4D3FFC274B8}.Release|x64.Build.0 = Release|Any CPU
		{88BCE6FF-F140-438B-AFD7-A4D3FFC274B8}.Release|x86.ActiveCfg = Release|Any CPU
		{88BCE6FF-F140-438B-AFD7-A4D3FFC274B8}.Release|x86.Build.0 = Release|Any CPU
		{126554DF-B504-2676-1A89-C1079356F70F}.Debug|x64.ActiveCfg = Debug|Any CPU
		{126554DF-B504-2676-1A89-C1079356F70F}.Debug|x64.Build.0 = Debug|Any CPU
		{126554DF-B504-2676-1A89-C1079356F70F}.Debug|x86.ActiveCfg = Debug|Any CPU
		{126554DF-B504-2676-1A89-C1079356F70F}.Debug|x86.Build.0 = Debug|Any CPU
		{126554DF-B504-2676-1A89-C1079356F70F}.Release|x64.ActiveCfg = Release|Any CPU
		{126554DF-B504-2676-1A89-C1079356F70F}.Release|x64.Build.0 = Release|Any CPU
		{126554DF-B504-2676-1A89-C1079356F70F}.Release|x86.ActiveCfg = Release|Any CPU
		{126554DF-B504-2676-1A89-C1079356F70F}.Release|x86.Build.0 = Release|Any CPU
		{20C4BF2F-C7DE-4D37-0942-D4FB8CD419A7}.Debug|x64.ActiveCfg = Debug|Any CPU
		{20C4BF2F-C7DE-4D37-0942-D4FB8CD419A7}.Debug|x64.Build.0 = Debug|Any CPU
		{20C4BF2F-C7DE-4D37-0942-D4FB8CD419A7}.Debug|x86.ActiveCfg = Debug|Any CPU
		{20C4BF2F-C7DE-4D37-0942-D4FB8CD419A7}.Debug|x86.Build.0 = Debug|Any CPU
		{20C4BF2F-C7DE-4D37-0942-D4FB8CD419A7}.Release|x64.ActiveCfg = Release|Any CPU
		{20C4BF2F-C7DE-4D37-0942-D4FB8CD419A7}.Release|x64.Build.0 = Release|Any CPU
		{20C4BF2F-C7DE-4D37-0942-D4FB8CD419A7}.Release|x86.ActiveCfg = Release|Any CPU
		{20C4BF2F-C7DE-4D37-0942-D4FB8CD419A7}.Release|x86.Build.0 = Release|Any CPU
		{FAF39867-A6C8-4889-BE37-BBB6DFDC97FF}.Debug|Any CPU.ActiveCfg = Debug|Any CPU
		{FAF39867-A6C8-4889-BE37-BBB6DFDC97FF}.Debug|Any CPU.Build.0 = Debug|Any CPU
		{FAF39867-A6C8-4889-BE37-BBB6DFDC97FF}.Debug|x64.ActiveCfg = Debug|Any CPU
		{FAF39867-A6C8-4889-BE37-BBB6DFDC97FF}.Debug|x64.Build.0 = Debug|Any CPU
		{FAF39867-A6C8-4889-BE37-BBB6DFDC97FF}.Debug|x86.ActiveCfg = Debug|Any CPU
		{FAF39867-A6C8-4889-BE37-BBB6DFDC97FF}.Debug|x86.Build.0 = Debug|Any CPU
		{FAF39867-A6C8-4889-BE37-BBB6DFDC97FF}.Release|Any CPU.ActiveCfg = Release|Any CPU
		{FAF39867-A6C8-4889-BE37-BBB6DFDC97FF}.Release|Any CPU.Build.0 = Release|Any CPU
		{FAF39867-A6C8-4889-BE37-BBB6DFDC97FF}.Release|x64.ActiveCfg = Release|Any CPU
		{FAF39867-A6C8-4889-BE37-BBB6DFDC97FF}.Release|x64.Build.0 = Release|Any CPU
		{FAF39867-A6C8-4889-BE37-BBB6DFDC97FF}.Release|x86.ActiveCfg = Release|Any CPU
		{FAF39867-A6C8-4889-BE37-BBB6DFDC97FF}.Release|x86.Build.0 = Release|Any CPU
		{84E251A1-9F3E-45F7-AD66-AEB254093572}.Debug|Any CPU.ActiveCfg = Debug|Any CPU
		{84E251A1-9F3E-45F7-AD66-AEB254093572}.Debug|Any CPU.Build.0 = Debug|Any CPU
		{84E251A1-9F3E-45F7-AD66-AEB254093572}.Debug|x64.ActiveCfg = Debug|Any CPU
		{84E251A1-9F3E-45F7-AD66-AEB254093572}.Debug|x64.Build.0 = Debug|Any CPU
		{84E251A1-9F3E-45F7-AD66-AEB254093572}.Debug|x86.ActiveCfg = Debug|Any CPU
		{84E251A1-9F3E-45F7-AD66-AEB254093572}.Debug|x86.Build.0 = Debug|Any CPU
		{84E251A1-9F3E-45F7-AD66-AEB254093572}.Release|Any CPU.ActiveCfg = Release|Any CPU
		{84E251A1-9F3E-45F7-AD66-AEB254093572}.Release|Any CPU.Build.0 = Release|Any CPU
		{84E251A1-9F3E-45F7-AD66-AEB254093572}.Release|x64.ActiveCfg = Release|Any CPU
		{84E251A1-9F3E-45F7-AD66-AEB254093572}.Release|x64.Build.0 = Release|Any CPU
		{84E251A1-9F3E-45F7-AD66-AEB254093572}.Release|x86.ActiveCfg = Release|Any CPU
		{84E251A1-9F3E-45F7-AD66-AEB254093572}.Release|x86.Build.0 = Release|Any CPU
		{6D601FCE-D6E9-459B-96D8-27B998425950}.Debug|Any CPU.ActiveCfg = Debug|Any CPU
		{6D601FCE-D6E9-459B-96D8-27B998425950}.Debug|Any CPU.Build.0 = Debug|Any CPU
		{6D601FCE-D6E9-459B-96D8-27B998425950}.Debug|x64.ActiveCfg = Debug|Any CPU
		{6D601FCE-D6E9-459B-96D8-27B998425950}.Debug|x64.Build.0 = Debug|Any CPU
		{6D601FCE-D6E9-459B-96D8-27B998425950}.Debug|x86.ActiveCfg = Debug|Any CPU
		{6D601FCE-D6E9-459B-96D8-27B998425950}.Debug|x86.Build.0 = Debug|Any CPU
		{6D601FCE-D6E9-459B-96D8-27B998425950}.Release|Any CPU.ActiveCfg = Release|Any CPU
		{6D601FCE-D6E9-459B-96D8-27B998425950}.Release|Any CPU.Build.0 = Release|Any CPU
		{6D601FCE-D6E9-459B-96D8-27B998425950}.Release|x64.ActiveCfg = Release|Any CPU
		{6D601FCE-D6E9-459B-96D8-27B998425950}.Release|x64.Build.0 = Release|Any CPU
		{6D601FCE-D6E9-459B-96D8-27B998425950}.Release|x86.ActiveCfg = Release|Any CPU
		{6D601FCE-D6E9-459B-96D8-27B998425950}.Release|x86.Build.0 = Release|Any CPU
		{AF4F29CC-3C09-45FE-9B25-2001694EDF34}.Debug|Any CPU.ActiveCfg = Debug|Any CPU
		{AF4F29CC-3C09-45FE-9B25-2001694EDF34}.Debug|Any CPU.Build.0 = Debug|Any CPU
		{AF4F29CC-3C09-45FE-9B25-2001694EDF34}.Debug|x64.ActiveCfg = Debug|Any CPU
		{AF4F29CC-3C09-45FE-9B25-2001694EDF34}.Debug|x64.Build.0 = Debug|Any CPU
		{AF4F29CC-3C09-45FE-9B25-2001694EDF34}.Debug|x86.ActiveCfg = Debug|Any CPU
		{AF4F29CC-3C09-45FE-9B25-2001694EDF34}.Debug|x86.Build.0 = Debug|Any CPU
		{AF4F29CC-3C09-45FE-9B25-2001694EDF34}.Release|Any CPU.ActiveCfg = Release|Any CPU
		{AF4F29CC-3C09-45FE-9B25-2001694EDF34}.Release|Any CPU.Build.0 = Release|Any CPU
		{AF4F29CC-3C09-45FE-9B25-2001694EDF34}.Release|x64.ActiveCfg = Release|Any CPU
		{AF4F29CC-3C09-45FE-9B25-2001694EDF34}.Release|x64.Build.0 = Release|Any CPU
		{AF4F29CC-3C09-45FE-9B25-2001694EDF34}.Release|x86.ActiveCfg = Release|Any CPU
		{AF4F29CC-3C09-45FE-9B25-2001694EDF34}.Release|x86.Build.0 = Release|Any CPU
		{9D1622CE-8945-40D3-9C09-DA3C07F91F7B}.Debug|Any CPU.ActiveCfg = Debug|Any CPU
		{9D1622CE-8945-40D3-9C09-DA3C07F91F7B}.Debug|Any CPU.Build.0 = Debug|Any CPU
		{9D1622CE-8945-40D3-9C09-DA3C07F91F7B}.Debug|x64.ActiveCfg = Debug|Any CPU
		{9D1622CE-8945-40D3-9C09-DA3C07F91F7B}.Debug|x64.Build.0 = Debug|Any CPU
		{9D1622CE-8945-40D3-9C09-DA3C07F91F7B}.Debug|x86.ActiveCfg = Debug|Any CPU
		{9D1622CE-8945-40D3-9C09-DA3C07F91F7B}.Debug|x86.Build.0 = Debug|Any CPU
		{9D1622CE-8945-40D3-9C09-DA3C07F91F7B}.Release|Any CPU.ActiveCfg = Release|Any CPU
		{9D1622CE-8945-40D3-9C09-DA3C07F91F7B}.Release|Any CPU.Build.0 = Release|Any CPU
		{9D1622CE-8945-40D3-9C09-DA3C07F91F7B}.Release|x64.ActiveCfg = Release|Any CPU
		{9D1622CE-8945-40D3-9C09-DA3C07F91F7B}.Release|x64.Build.0 = Release|Any CPU
		{9D1622CE-8945-40D3-9C09-DA3C07F91F7B}.Release|x86.ActiveCfg = Release|Any CPU
		{9D1622CE-8945-40D3-9C09-DA3C07F91F7B}.Release|x86.Build.0 = Release|Any CPU
		{6B20E994-B084-408A-9C4E-27A874E9324F}.Debug|Any CPU.ActiveCfg = Debug|Any CPU
		{6B20E994-B084-408A-9C4E-27A874E9324F}.Debug|Any CPU.Build.0 = Debug|Any CPU
		{6B20E994-B084-408A-9C4E-27A874E9324F}.Debug|x64.ActiveCfg = Debug|Any CPU
		{6B20E994-B084-408A-9C4E-27A874E9324F}.Debug|x64.Build.0 = Debug|Any CPU
		{6B20E994-B084-408A-9C4E-27A874E9324F}.Debug|x86.ActiveCfg = Debug|Any CPU
		{6B20E994-B084-408A-9C4E-27A874E9324F}.Debug|x86.Build.0 = Debug|Any CPU
		{6B20E994-B084-408A-9C4E-27A874E9324F}.Release|Any CPU.ActiveCfg = Release|Any CPU
		{6B20E994-B084-408A-9C4E-27A874E9324F}.Release|Any CPU.Build.0 = Release|Any CPU
		{6B20E994-B084-408A-9C4E-27A874E9324F}.Release|x64.ActiveCfg = Release|Any CPU
		{6B20E994-B084-408A-9C4E-27A874E9324F}.Release|x64.Build.0 = Release|Any CPU
		{6B20E994-B084-408A-9C4E-27A874E9324F}.Release|x86.ActiveCfg = Release|Any CPU
		{6B20E994-B084-408A-9C4E-27A874E9324F}.Release|x86.Build.0 = Release|Any CPU
		{44E9F750-7D6B-4A81-B77E-544E2569DBF5}.Debug|Any CPU.ActiveCfg = Debug|Any CPU
		{44E9F750-7D6B-4A81-B77E-544E2569DBF5}.Debug|Any CPU.Build.0 = Debug|Any CPU
		{44E9F750-7D6B-4A81-B77E-544E2569DBF5}.Debug|x64.ActiveCfg = Debug|Any CPU
		{44E9F750-7D6B-4A81-B77E-544E2569DBF5}.Debug|x64.Build.0 = Debug|Any CPU
		{44E9F750-7D6B-4A81-B77E-544E2569DBF5}.Debug|x86.ActiveCfg = Debug|Any CPU
		{44E9F750-7D6B-4A81-B77E-544E2569DBF5}.Debug|x86.Build.0 = Debug|Any CPU
		{44E9F750-7D6B-4A81-B77E-544E2569DBF5}.Release|Any CPU.ActiveCfg = Release|Any CPU
		{44E9F750-7D6B-4A81-B77E-544E2569DBF5}.Release|Any CPU.Build.0 = Release|Any CPU
		{44E9F750-7D6B-4A81-B77E-544E2569DBF5}.Release|x64.ActiveCfg = Release|Any CPU
		{44E9F750-7D6B-4A81-B77E-544E2569DBF5}.Release|x64.Build.0 = Release|Any CPU
		{44E9F750-7D6B-4A81-B77E-544E2569DBF5}.Release|x86.ActiveCfg = Release|Any CPU
		{44E9F750-7D6B-4A81-B77E-544E2569DBF5}.Release|x86.Build.0 = Release|Any CPU
		{CF994346-D728-4992-A5F7-9773ADD8B37F}.Debug|Any CPU.ActiveCfg = Debug|Any CPU
		{CF994346-D728-4992-A5F7-9773ADD8B37F}.Debug|Any CPU.Build.0 = Debug|Any CPU
		{CF994346-D728-4992-A5F7-9773ADD8B37F}.Debug|x64.ActiveCfg = Debug|Any CPU
		{CF994346-D728-4992-A5F7-9773ADD8B37F}.Debug|x64.Build.0 = Debug|Any CPU
		{CF994346-D728-4992-A5F7-9773ADD8B37F}.Debug|x86.ActiveCfg = Debug|Any CPU
		{CF994346-D728-4992-A5F7-9773ADD8B37F}.Debug|x86.Build.0 = Debug|Any CPU
		{CF994346-D728-4992-A5F7-9773ADD8B37F}.Release|Any CPU.ActiveCfg = Release|Any CPU
		{CF994346-D728-4992-A5F7-9773ADD8B37F}.Release|Any CPU.Build.0 = Release|Any CPU
		{CF994346-D728-4992-A5F7-9773ADD8B37F}.Release|x64.ActiveCfg = Release|Any CPU
		{CF994346-D728-4992-A5F7-9773ADD8B37F}.Release|x64.Build.0 = Release|Any CPU
		{CF994346-D728-4992-A5F7-9773ADD8B37F}.Release|x86.ActiveCfg = Release|Any CPU
		{CF994346-D728-4992-A5F7-9773ADD8B37F}.Release|x86.Build.0 = Release|Any CPU
		{98093CA2-7574-42E2-BD87-B068E6E47118}.Debug|Any CPU.ActiveCfg = Debug|Any CPU
		{98093CA2-7574-42E2-BD87-B068E6E47118}.Debug|Any CPU.Build.0 = Debug|Any CPU
		{98093CA2-7574-42E2-BD87-B068E6E47118}.Debug|x64.ActiveCfg = Debug|Any CPU
		{98093CA2-7574-42E2-BD87-B068E6E47118}.Debug|x64.Build.0 = Debug|Any CPU
		{98093CA2-7574-42E2-BD87-B068E6E47118}.Debug|x86.ActiveCfg = Debug|Any CPU
		{98093CA2-7574-42E2-BD87-B068E6E47118}.Debug|x86.Build.0 = Debug|Any CPU
		{98093CA2-7574-42E2-BD87-B068E6E47118}.Release|Any CPU.ActiveCfg = Release|Any CPU
		{98093CA2-7574-42E2-BD87-B068E6E47118}.Release|Any CPU.Build.0 = Release|Any CPU
		{98093CA2-7574-42E2-BD87-B068E6E47118}.Release|x64.ActiveCfg = Release|Any CPU
		{98093CA2-7574-42E2-BD87-B068E6E47118}.Release|x64.Build.0 = Release|Any CPU
		{98093CA2-7574-42E2-BD87-B068E6E47118}.Release|x86.ActiveCfg = Release|Any CPU
		{98093CA2-7574-42E2-BD87-B068E6E47118}.Release|x86.Build.0 = Release|Any CPU
		{D32EF491-D273-4092-A3CC-CE06FFAE75D5}.Debug|Any CPU.ActiveCfg = Debug|Any CPU
		{D32EF491-D273-4092-A3CC-CE06FFAE75D5}.Debug|Any CPU.Build.0 = Debug|Any CPU
		{D32EF491-D273-4092-A3CC-CE06FFAE75D5}.Debug|x64.ActiveCfg = Debug|Any CPU
		{D32EF491-D273-4092-A3CC-CE06FFAE75D5}.Debug|x64.Build.0 = Debug|Any CPU
		{D32EF491-D273-4092-A3CC-CE06FFAE75D5}.Debug|x86.ActiveCfg = Debug|Any CPU
		{D32EF491-D273-4092-A3CC-CE06FFAE75D5}.Debug|x86.Build.0 = Debug|Any CPU
		{D32EF491-D273-4092-A3CC-CE06FFAE75D5}.Release|Any CPU.ActiveCfg = Release|Any CPU
		{D32EF491-D273-4092-A3CC-CE06FFAE75D5}.Release|Any CPU.Build.0 = Release|Any CPU
		{D32EF491-D273-4092-A3CC-CE06FFAE75D5}.Release|x64.ActiveCfg = Release|Any CPU
		{D32EF491-D273-4092-A3CC-CE06FFAE75D5}.Release|x64.Build.0 = Release|Any CPU
		{D32EF491-D273-4092-A3CC-CE06FFAE75D5}.Release|x86.ActiveCfg = Release|Any CPU
		{D32EF491-D273-4092-A3CC-CE06FFAE75D5}.Release|x86.Build.0 = Release|Any CPU
		{621662C8-0BE4-4EC6-8DF6-4D64AAF8E474}.Debug|Any CPU.ActiveCfg = Debug|Any CPU
		{621662C8-0BE4-4EC6-8DF6-4D64AAF8E474}.Debug|Any CPU.Build.0 = Debug|Any CPU
		{621662C8-0BE4-4EC6-8DF6-4D64AAF8E474}.Debug|x64.ActiveCfg = Debug|Any CPU
		{621662C8-0BE4-4EC6-8DF6-4D64AAF8E474}.Debug|x64.Build.0 = Debug|Any CPU
		{621662C8-0BE4-4EC6-8DF6-4D64AAF8E474}.Debug|x86.ActiveCfg = Debug|Any CPU
		{621662C8-0BE4-4EC6-8DF6-4D64AAF8E474}.Debug|x86.Build.0 = Debug|Any CPU
		{621662C8-0BE4-4EC6-8DF6-4D64AAF8E474}.Release|Any CPU.ActiveCfg = Release|Any CPU
		{621662C8-0BE4-4EC6-8DF6-4D64AAF8E474}.Release|Any CPU.Build.0 = Release|Any CPU
		{621662C8-0BE4-4EC6-8DF6-4D64AAF8E474}.Release|x64.ActiveCfg = Release|Any CPU
		{621662C8-0BE4-4EC6-8DF6-4D64AAF8E474}.Release|x64.Build.0 = Release|Any CPU
		{621662C8-0BE4-4EC6-8DF6-4D64AAF8E474}.Release|x86.ActiveCfg = Release|Any CPU
		{621662C8-0BE4-4EC6-8DF6-4D64AAF8E474}.Release|x86.Build.0 = Release|Any CPU
	EndGlobalSection
	GlobalSection(SolutionProperties) = preSolution
		HideSolutionNode = FALSE
	EndGlobalSection
	GlobalSection(NestedProjects) = preSolution
		{44E9F750-7D6B-4A81-B77E-544E2569DBF5} = {5E565A54-8928-26C4-7D97-CC3843729226}
		{A309D6C4-65A2-E7E8-8234-9359597CD267} = {F2E35B3E-9711-EDEC-6202-DB40BDEED14A}
		{5C8941D3-1B3F-86FC-F7B6-EEB6AE18A232} = {A309D6C4-65A2-E7E8-8234-9359597CD267}
		{D32EF491-D273-4092-A3CC-CE06FFAE75D5} = {5C8941D3-1B3F-86FC-F7B6-EEB6AE18A232}
		{621662C8-0BE4-4EC6-8DF6-4D64AAF8E474} = {5C8941D3-1B3F-86FC-F7B6-EEB6AE18A232}
	EndGlobalSection
	GlobalSection(ExtensibilityGlobals) = postSolution
		SolutionGuid = {CE51A9B4-88EC-49CE-9F08-C9AB0F4355AD}
	EndGlobalSection
EndGlobal
