{
  "version": 1,
  "dependencies": {
    "net8.0": {
      "AngleSharp": {
        "type": "Direct",
        "requested": "[1.1.2, )",
        "resolved": "1.1.2",
        "contentHash": "aRFpAqixbuj1Vmqy2hsWPF0PJygo1SfjvmpBvVWZv6i+/u+C/L4wDdwFIzyCGUbjqr61NsZdPNPqDE8wlmG2qA=="
      },
      "BCrypt.Net-Core": {
        "type": "Direct",
        "requested": "[1.6.0, )",
        "resolved": "1.6.0",
        "contentHash": "hsKiHGjrnlDW05MzuzzlD9gNP8YOW2KbZ+FbvISrilsKJJ76tXKhWey6psZX5sd7DczNpSU2U6ldjPoblk8BLw=="
      },
      "CaptchaSharp": {
        "type": "Direct",
        "requested": "[2.1.0, )",
        "resolved": "2.1.0",
        "contentHash": "KwBrTHpTzNpzUXaogRdscR9J/oN7lE6cyKAYEw4eo0w1wdOJYa01UcT7uxnOYk/Nk1rmOFV2wqS0NgAtnOfMnw==",
        "dependencies": {
          "Newtonsoft.Json": "13.0.1"
        }
      },
      "DeviceId": {
        "type": "Direct",
        "requested": "[5.2.0, )",
        "resolved": "5.2.0",
        "contentHash": "rVJWt57WnbUzBA8XHNsNnQWXL19ckWam8dYoDvXncW6nTmQOuH72eyeqOtupeNaxcuL2b0GM3M4eADFCmAlDfg==",
        "dependencies": {
          "Microsoft.DotNet.PlatformAbstractions": "3.1.3",
          "System.Management": "4.6.0"
        }
      },
      "FluentFTP": {
        "type": "Direct",
        "requested": "[50.0.1, )",
        "resolved": "50.0.1",
        "contentHash": "iNG+wYZcBoOQmnrgR0EzUU1KHy3mOG/osGcd+bZMDcTC45tTLR45o0uInKd74t669d1JhGHBTzZKpSQOxBSisg=="
      },
      "HtmlAgilityPack": {
        "type": "Direct",
        "requested": "[1.11.61, )",
        "resolved": "1.11.61",
        "contentHash": "hqZASeEFHS9quHvfZSwaULoAJLWkOYVPiQjc3P9J4pQS8vSYzrP3bxe04Vm7vYYuxwbQhq9hCSVvZVLTyRaNaQ=="
      },
      "IronPython": {
        "type": "Direct",
        "requested": "[3.4.2, )",
        "resolved": "3.4.2",
        "contentHash": "OPYemSbwfDtgWU24GELr0/ud7uHbNSMAPaTzatWk7Ab7X5xWquDHfQtdiFJ+3j/CoGtj7eOFhkeRYs1o3uZEmQ==",
        "dependencies": {
          "DynamicLanguageRuntime": "1.3.5",
          "Mono.Unix": "7.1.0-final.1.21458.1"
        }
      },
      "IronPython.StdLib": {
        "type": "Direct",
        "requested": "[3.4.2, )",
        "resolved": "3.4.2",
        "contentHash": "deehM2JDVnA3JENIaOwjn5HDqMgst7my3loSSfEmQRugCehSntGGIJwY7mxRnNl7a/vEaTeKMNOChStNCUD1pg==",
        "dependencies": {
          "IronPython": "[3.4.0, 3.5.0)"
        }
      },
      "Jering.Javascript.NodeJS": {
        "type": "Direct",
        "requested": "[7.0.0, )",
        "resolved": "7.0.0",
        "contentHash": "Trj2gFbe3D3wyY9T1Xd7Wm3u+69WOVQj/bl235N3NkCMoRfLnunIfwAWbzigeUkYoH9r05LpXRZTTw0AS1m99A==",
        "dependencies": {
          "Microsoft.Extensions.Hosting.Abstractions": "7.0.0",
          "Microsoft.Extensions.Http": "6.0.0"
        }
      },
      "Jint": {
        "type": "Direct",
        "requested": "[4.4.1, )",
        "resolved": "4.4.1",
        "contentHash": "hb1cQygDKGJblgw82YMkaEpPbIy+YHMUtx1ab+cUMwTRkRXcY8JK7YkJ5F/jPMNInTcFPOfVJZ5VfspsjXp2xQ==",
        "dependencies": {
          "Acornima": "1.2.0"
        }
      },
      "JWT": {
        "type": "Direct",
        "requested": "[10.1.1, )",
        "resolved": "10.1.1",
        "contentHash": "OJ7Vr6Rf539Ty8iw1FDcfM2Adp7BVT0tOEld5NZnxcVguzczFfv2dsdUKGWf9FVc4VCcVRXv0KZ7Q3/zs+b0Iw==",
        "dependencies": {
          "Newtonsoft.Json": "13.0.2"
        }
      },
      "MailKit": {
        "type": "Direct",
        "requested": "[4.8.0, )",
        "resolved": "4.8.0",
        "contentHash": "zZ1UoM4FUnSFUJ9fTl5CEEaejR0DNP6+FDt1OfXnjg4igZntcir1tg/8Ufd6WY5vrpmvToAjluYqjVM24A+5lA==",
        "dependencies": {
          "MimeKit": "4.8.0"
        }
      },
      "Microsoft.CodeAnalysis.CSharp": {
        "type": "Direct",
        "requested": "[4.5.0, )",
        "resolved": "4.5.0",
        "contentHash": "cM59oMKAOxvdv76bdmaKPy5hfj+oR+zxikWoueEB7CwTko7mt9sVKZI8Qxlov0C/LuKEG+WQwifepqL3vuTiBQ==",
        "dependencies": {
          "Microsoft.CodeAnalysis.Common": "[4.5.0]"
        }
      },
      "Microsoft.CodeAnalysis.CSharp.Scripting": {
        "type": "Direct",
        "requested": "[4.5.0, )",
        "resolved": "4.5.0",
        "contentHash": "LMapq8Ocdc1hGdvKt2sdvkHOrRO1Ymbl0EJEzRyrzxkxUfZRpUCsbGNCijnokmW1Zy3TBaj6LfV9WqRqE3fd+Q==",
        "dependencies": {
          "Microsoft.CodeAnalysis.CSharp": "[4.5.0]",
          "Microsoft.CodeAnalysis.Common": "[4.5.0]",
          "Microsoft.CodeAnalysis.Scripting.Common": "[4.5.0]"
        }
      },
      "Microsoft.CodeAnalysis.Workspaces.Common": {
        "type": "Direct",
        "requested": "[4.5.0, )",
        "resolved": "4.5.0",
        "contentHash": "l4dDRmGELXG72XZaonnOeORyD/T5RpEu5LGHOUIhnv+MmUWDY/m1kWXGwtcgQ5CJ5ynkFiRnIYzTKXYjUs7rbw==",
        "dependencies": {
          "Humanizer.Core": "2.14.1",
          "Microsoft.Bcl.AsyncInterfaces": "6.0.0",
          "Microsoft.CodeAnalysis.Common": "[4.5.0]",
          "System.Composition": "6.0.0",
          "System.IO.Pipelines": "6.0.3"
        }
      },
      "Microsoft.Playwright": {
        "type": "Direct",
        "requested": "[1.54.0, )",
        "resolved": "1.54.0",
        "contentHash": "u/ftvv1mdusX2R+4u0XINaRw10w9oGhxZePjkFgNZhpG/hUaOg/0npgavXh3mlO1u8b06v+XQKuvOYdsieHMZg==",
        "dependencies": {
          "Microsoft.Bcl.AsyncInterfaces": "6.0.0"
        }
      },
      "NAudio": {
        "type": "Direct",
        "requested": "[2.2.1, )",
        "resolved": "2.2.1",
        "contentHash": "c0DzwiyyklM0TP39Y7RObwO3QkWecgM6H60ikiEnsV/aEAJPbj5MFCLaD8BSfKuZe0HGuh9GRGWWlJmSxDc9MA==",
        "dependencies": {
          "NAudio.Asio": "2.2.1",
          "NAudio.Core": "2.2.1",
          "NAudio.Midi": "2.2.1",
          "NAudio.Wasapi": "2.2.1",
          "NAudio.WinMM": "2.2.1"
        }
      },
      "Newtonsoft.Json": {
        "type": "Direct",
        "requested": "[13.0.3, )",
        "resolved": "13.0.3",
        "contentHash": "HrC5BXdl00IP9zeV+0Z848QWPAoCr9P3bDEZguI+gkLcBKAOxix/tLEAAHC+UvDNPv4a2d18lOReHMOagPa+zQ=="
      },
      "PuppeteerExtraSharp": {
        "type": "Direct",
        "requested": "[2.0.0, )",
        "resolved": "2.0.0",
        "contentHash": "dNbWUR1TEUOsNe0Ai2z260p7GTE3wa7I29oQAYoZDUtEkw2xwORsynhMu7iUhGqz+Ck2QpsUPKWmLdPHW+iv4w==",
        "dependencies": {
          "PuppeteerSharp": "9.0.2",
          "RestSharp": "108.0.3"
        }
      },
      "PuppeteerSharp": {
        "type": "Direct",
        "requested": "[9.0.2, )",
        "resolved": "9.0.2",
        "contentHash": "zNk/7IksuwRKBRD74OZWc3jaq21V9jkM+VGaayd7EmDcvLeWFdL7z4Z9/m5F5DcruQMtTj1+b3QoWV6bb7j1LQ==",
        "dependencies": {
          "Microsoft.AspNetCore.WebUtilities": "2.2.0",
          "Microsoft.Bcl.AsyncInterfaces": "1.1.0",
          "Microsoft.Extensions.Logging": "2.0.2",
          "Newtonsoft.Json": "13.0.1",
          "SharpZipLib": "1.3.3"
        }
      },
      "Scrypt.NET": {
        "type": "Direct",
        "requested": "[1.3.0, )",
        "resolved": "1.3.0",
        "contentHash": "vE6x8kHoVP5jDM5JjwdiFDJzlFAf+bkBUEkLdZyGDROXdNygrn+8NdFTxlE5V6FbeZ6TDAKx56RurldjinZkDQ=="
      },
      "Selenium.Support": {
        "type": "Direct",
        "requested": "[4.21.0, )",
        "resolved": "4.21.0",
        "contentHash": "MiDIsB/5Ki1AWua/b9v/eGARtI6bxseAt4EOl2fgl7WsoXlV7Zzq5/gGJ7Zs9PLvJUQMbS6WSNWuMdeSr1SXdA==",
        "dependencies": {
          "Selenium.WebDriver": "4.21.0"
        }
      },
      "Selenium.WebDriver": {
        "type": "Direct",
        "requested": "[4.21.0, )",
        "resolved": "4.21.0",
        "contentHash": "3xIx4CJunIoLEOROfDKILIzf76WfphTpQJYE98stG1GBVBKhFO5E6wXNfCqdiWt34iNlckcDr3z+qCD+RPfuUQ==",
        "dependencies": {
          "Newtonsoft.Json": "13.0.1"
        }
      },
      "SSH.NET": {
        "type": "Direct",
        "requested": "[2024.0.0, )",
        "resolved": "2024.0.0",
        "contentHash": "klFPBbrGtFY9V8kbh5PQwlexj7Z8fwbpwABvLX0QzCmzW06rkLknEeM1l6np2hkUfg5an5w/GzHUhWTHN1TJpA=="
      },
      "Svg": {
        "type": "Direct",
        "requested": "[3.4.7, )",
        "resolved": "3.4.7",
        "contentHash": "Omez7ly5BGhg3OzdV+LHZ5sI0+JQ6hF7WVKUeyHw4jRvcEWNCPCf1MWMBaf+R0DRBSZHx5EUHwBTEF+2oYtsAw==",
        "dependencies": {
          "ExCSS": "4.2.3",
          "System.Drawing.Common": "5.0.3"
        }
      },
      "System.CodeDom": {
        "type": "Direct",
        "requested": "[8.0.0, )",
        "resolved": "8.0.0",
        "contentHash": "WTlRjL6KWIMr/pAaq3rYqh0TJlzpouaQ/W1eelssHgtlwHAH25jXTkUphTYx9HaIIf7XA6qs/0+YhtLEQRkJ+Q=="
      },
      "System.Speech": {
        "type": "Direct",
        "requested": "[8.0.0, )",
        "resolved": "8.0.0",
        "contentHash": "CNuiA6vb95Oe5PRjClZEBiaju31vwB8OIeCgeSBXyZL6+MS4RVVB2X/C11z0xCkooHE3Vy91nM2z76emIzR+sg=="
      },
      "System.Text.Encoding.CodePages": {
        "type": "Direct",
        "requested": "[8.0.0, )",
        "resolved": "8.0.0",
        "contentHash": "OZIsVplFGaVY90G2SbpgU7EnCoOO5pw1t4ic21dBF3/1omrJFpAGoNAVpPyMVOC90/hvgkGG3VFqR13YgZMQfg=="
      },
      "TextCopy": {
        "type": "Direct",
        "requested": "[6.2.1, )",
        "resolved": "6.2.1",
        "contentHash": "ryejViUBmHQ2XMie2AiRBn7KVKu2Gh/hqrctGSAUf1BufwfPjr+MWuACNBaiG+40TMbWRDJZgV73Tpl9hggeRw==",
        "dependencies": {
          "Microsoft.Extensions.DependencyInjection.Abstractions": "7.0.0"
        }
      },
      "Websocket.Client": {
        "type": "Direct",
        "requested": "[5.1.1, )",
        "resolved": "5.1.1",
        "contentHash": "VpQV6b8HRnw6bFFIPTOOMtOxba3/viH9K2U2LdOYNjQ2b2HrLHxjodmJr3nPwyNSrtrRPr1RDwOMJ5qqlPnCVg==",
        "dependencies": {
          "Microsoft.Extensions.Logging.Abstractions": "8.0.0",
          "Microsoft.IO.RecyclableMemoryStream": "3.0.0",
          "System.Reactive": "6.0.0"
        }
      },
      "Yove.Proxy": {
        "type": "Direct",
        "requested": "[1.1.1, )",
        "resolved": "1.1.1",
        "contentHash": "0qwzxU6QnacItxCHDkCjP1o9VW7UowX5yLPr3xySpq90zved/QAsymTeNrVNsqbS/NO4UJu1mmhXmFiV2gwTMg=="
      },
      "Acornima": {
        "type": "Transitive",
        "resolved": "1.2.0",
        "contentHash": "pT3kn/WrVzz4NmrzN5zOAVDOK2VuQFJ7VivKviKmKbbzppMVEToEvnAaVhxerXclptvjpBUudhOwUtDsRjrMYQ=="
      },
      "BouncyCastle.Cryptography": {
        "type": "Transitive",
        "resolved": "2.4.0",
        "contentHash": "SwXsAV3sMvAU/Nn31pbjhWurYSjJ+/giI/0n6tCrYoupEK34iIHCuk3STAd9fx8yudM85KkLSVdn951vTng/vQ=="
      },
      "DynamicLanguageRuntime": {
        "type": "Transitive",
        "resolved": "1.3.5",
        "contentHash": "HHCVAlsIe8eBuj0bxh+0zCflYPeu+WSmP5iJ2J+oqd9wa1j7kcw70hiGPxoDPSoLM/RRLGXUdvj7ISkelxLpNw==",
        "dependencies": {
          "System.CodeDom": "8.0.0"
        }
      },
      "ExCSS": {
        "type": "Transitive",
        "resolved": "4.2.3",
        "contentHash": "SyeAfu2wL5247sipJoPUzQfjiwQtfSd8hN4IbgoyVcDx4PP6Dud4znwPRibWQzLtTlUxYYcbf5f4p+EfFC7KtQ=="
      },
      "Humanizer.Core": {
        "type": "Transitive",
        "resolved": "2.14.1",
        "contentHash": "lQKvtaTDOXnoVJ20ibTuSIOf2i0uO0MPbDhd1jm238I+U/2ZnRENj0cktKZhtchBMtCUSRQ5v4xBCUbKNmyVMw=="
      },
      "Microsoft.AspNetCore.WebUtilities": {
        "type": "Transitive",
        "resolved": "2.2.0",
        "contentHash": "9ErxAAKaDzxXASB/b5uLEkLgUWv1QbeVxyJYEHQwMaxXOeFFVkQxiq8RyfVcifLU7NR0QY0p3acqx4ZpYfhHDg==",
        "dependencies": {
          "Microsoft.Net.Http.Headers": "2.2.0"
        }
      },
      "Microsoft.Bcl.AsyncInterfaces": {
        "type": "Transitive",
        "resolved": "6.0.0",
        "contentHash": "UcSjPsst+DfAdJGVDsu346FX0ci0ah+lw3WRtn18NUwEqRt70HaOQ7lI72vy3+1LxtqI3T5GWwV39rQSrCzAeg=="
      },
      "Microsoft.CodeAnalysis.Analyzers": {
        "type": "Transitive",
        "resolved": "3.3.3",
        "contentHash": "j/rOZtLMVJjrfLRlAMckJLPW/1rze9MT1yfWqSIbUPGRu1m1P0fuo9PmqapwsmePfGB5PJrudQLvmUOAMF0DqQ=="
      },
      "Microsoft.CodeAnalysis.Common": {
        "type": "Transitive",
        "resolved": "4.5.0",
        "contentHash": "lwAbIZNdnY0SUNoDmZHkVUwLO8UyNnyyh1t/4XsbFxi4Ounb3xszIYZaWhyj5ZjyfcwqwmtMbE7fUTVCqQEIdQ==",
        "dependencies": {
          "Microsoft.CodeAnalysis.Analyzers": "3.3.3"
        }
      },
      "Microsoft.CodeAnalysis.Scripting.Common": {
        "type": "Transitive",
        "resolved": "4.5.0",
        "contentHash": "ruWwzk9H5uJ+BQOMZQh77bjd74Z2KZjJP01y/tpfB6qsRi8s+EjhvzNmG7wDx0uRwmOCksKDS0MeMu3D1uKzZQ==",
        "dependencies": {
          "Microsoft.CodeAnalysis.Common": "[4.5.0]"
        }
      },
      "Microsoft.DotNet.PlatformAbstractions": {
        "type": "Transitive",
        "resolved": "3.1.3",
        "contentHash": "bwD01wYeN+g+Yib7XXahbRdvh5lj6PJ0si6TO6kP7n+fQsBxGy18ewJLjTZUxCwWJqX39WfQHM6idtE4QuVaiw=="
      },
      "Microsoft.Extensions.Configuration.Abstractions": {
        "type": "Transitive",
        "resolved": "7.0.0",
        "contentHash": "f34u2eaqIjNO9YLHBz8rozVZ+TcFiFs0F3r7nUJd7FRkVSxk8u4OpoK226mi49MwexHOR2ibP9MFvRUaLilcQQ==",
        "dependencies": {
          "Microsoft.Extensions.Primitives": "7.0.0"
        }
      },
      "Microsoft.Extensions.DependencyInjection": {
        "type": "Transitive",
        "resolved": "6.0.0",
        "contentHash": "k6PWQMuoBDGGHOQTtyois2u4AwyVcIwL2LaSLlTZQm2CYcJ1pxbt6jfAnpWmzENA/wfrYRI/X9DTLoUkE4AsLw==",
        "dependencies": {
          "Microsoft.Extensions.DependencyInjection.Abstractions": "6.0.0"
        }
      },
      "Microsoft.Extensions.DependencyInjection.Abstractions": {
        "type": "Transitive",
        "resolved": "8.0.0",
        "contentHash": "cjWrLkJXK0rs4zofsK4bSdg+jhDLTaxrkXu4gS6Y7MAlCvRyNNgwY/lJi5RDlQOnSZweHqoyvgvbdvQsRIW+hg=="
      },
      "Microsoft.Extensions.FileProviders.Abstractions": {
        "type": "Transitive",
        "resolved": "7.0.0",
        "contentHash": "NyawiW9ZT/liQb34k9YqBSNPLuuPkrjMgQZ24Y/xXX1RoiBkLUdPMaQTmxhZ5TYu8ZKZ9qayzil75JX95vGQUg==",
        "dependencies": {
          "Microsoft.Extensions.Primitives": "7.0.0"
        }
      },
      "Microsoft.Extensions.Hosting.Abstractions": {
        "type": "Transitive",
        "resolved": "7.0.0",
        "contentHash": "43n9Je09z0p/7ViPxfRqs5BUItRLNVh5b6JH40F2Agkh2NBsY/jpNYTtbCcxrHCsA3oRmbR6RJBzUutB4VZvNQ==",
        "dependencies": {
          "Microsoft.Extensions.Configuration.Abstractions": "7.0.0",
          "Microsoft.Extensions.DependencyInjection.Abstractions": "7.0.0",
          "Microsoft.Extensions.FileProviders.Abstractions": "7.0.0"
        }
      },
      "Microsoft.Extensions.Http": {
        "type": "Transitive",
        "resolved": "6.0.0",
        "contentHash": "15+pa2G0bAMHbHewaQIdr/y6ag2H3yh4rd9hTXavtWDzQBkvpe2RMqFg8BxDpcQWssmjmBApGPcw93QRz6YcMg==",
        "dependencies": {
          "Microsoft.Extensions.DependencyInjection.Abstractions": "6.0.0",
          "Microsoft.Extensions.Logging": "6.0.0",
          "Microsoft.Extensions.Logging.Abstractions": "6.0.0",
          "Microsoft.Extensions.Options": "6.0.0"
        }
      },
      "Microsoft.Extensions.Logging": {
        "type": "Transitive",
        "resolved": "6.0.0",
        "contentHash": "eIbyj40QDg1NDz0HBW0S5f3wrLVnKWnDJ/JtZ+yJDFnDj90VoPuoPmFkeaXrtu+0cKm5GRAwoDf+dBWXK0TUdg==",
        "dependencies": {
          "Microsoft.Extensions.DependencyInjection": "6.0.0",
          "Microsoft.Extensions.DependencyInjection.Abstractions": "6.0.0",
          "Microsoft.Extensions.Logging.Abstractions": "6.0.0",
          "Microsoft.Extensions.Options": "6.0.0"
        }
      },
      "Microsoft.Extensions.Logging.Abstractions": {
        "type": "Transitive",
        "resolved": "8.0.0",
        "contentHash": "arDBqTgFCyS0EvRV7O3MZturChstm50OJ0y9bDJvAcmEPJm0FFpFyjU/JLYyStNGGey081DvnQYlncNX5SJJGA==",
        "dependencies": {
          "Microsoft.Extensions.DependencyInjection.Abstractions": "8.0.0"
        }
      },
      "Microsoft.Extensions.Options": {
        "type": "Transitive",
        "resolved": "6.0.0",
        "contentHash": "dzXN0+V1AyjOe2xcJ86Qbo233KHuLEY0njf/P2Kw8SfJU+d45HNS2ctJdnEnrWbM9Ye2eFgaC5Mj9otRMU6IsQ==",
        "dependencies": {
          "Microsoft.Extensions.DependencyInjection.Abstractions": "6.0.0",
          "Microsoft.Extensions.Primitives": "6.0.0"
        }
      },
      "Microsoft.Extensions.Primitives": {
        "type": "Transitive",
        "resolved": "7.0.0",
        "contentHash": "um1KU5kxcRp3CNuI8o/GrZtD4AIOXDk+RLsytjZ9QPok3ttLUelLKpilVPuaFT3TFjOhSibUAso0odbOaCDj3Q=="
      },
      "Microsoft.IO.RecyclableMemoryStream": {
        "type": "Transitive",
        "resolved": "3.0.0",
        "contentHash": "irv0HuqoH8Ig5i2fO+8dmDNdFdsrO+DoQcedwIlb810qpZHBNQHZLW7C/AHBQDgLLpw2T96vmMAy/aE4Yj55Sg=="
      },
      "Microsoft.Net.Http.Headers": {
        "type": "Transitive",
        "resolved": "2.2.0",
        "contentHash": "iZNkjYqlo8sIOI0bQfpsSoMTmB/kyvmV2h225ihyZT33aTp48ZpF6qYnXxzSXmHt8DpBAwBTX+1s1UFLbYfZKg==",
        "dependencies": {
          "Microsoft.Extensions.Primitives": "2.2.0"
        }
      },
      "Microsoft.NETCore.Platforms": {
        "type": "Transitive",
        "resolved": "5.0.0",
        "contentHash": "VyPlqzH2wavqquTcYpkIIAQ6WdenuKoFN0BdYBbCWsclXacSOHNQn66Gt4z5NBqEYW0FAPm5rlvki9ZiCij5xQ=="
      },
      "Microsoft.Win32.SystemEvents": {
        "type": "Transitive",
        "resolved": "5.0.0",
        "contentHash": "Bh6blKG8VAKvXiLe2L+sEsn62nc1Ij34MrNxepD2OCrS5cpCwQa9MeLyhVQPQ/R4Wlzwuy6wMK8hLb11QPDRsQ==",
        "dependencies": {
          "Microsoft.NETCore.Platforms": "5.0.0"
        }
      },
      "MimeKit": {
        "type": "Transitive",
        "resolved": "4.8.0",
        "contentHash": "U24wp4LKED+sBRzyrWICE+3bSwptsTrPOcCIXbW5zfeThCNzQx5NCo8Wus+Rmi+EUkQrCwlI/3sVfejeq9tuxQ==",
        "dependencies": {
          "BouncyCastle.Cryptography": "2.4.0",
          "System.Security.Cryptography.Pkcs": "8.0.0"
        }
      },
      "Mono.Unix": {
        "type": "Transitive",
        "resolved": "7.1.0-final.1.21458.1",
        "contentHash": "Rhxz4A7By8Q0wEgDqR+mioDsYXGrcYMYPiWE9bSaUKMpG8yAGArhetEQV5Ms6KhKCLdQTlPYLBKPZYoKbAvT/g=="
      },
      "NAudio.Asio": {
        "type": "Transitive",
        "resolved": "2.2.1",
        "contentHash": "hQglyOT5iT3XuGpBP8ZG0+aoqwRfidHjTNehpoWwX0g6KJEgtH2VaqM2nuJ2mheKZa/IBqB4YQTZVvrIapzfOA==",
        "dependencies": {
          "NAudio.Core": "2.2.1"
        }
      },
      "NAudio.Core": {
        "type": "Transitive",
        "resolved": "2.2.1",
        "contentHash": "GgkdP6K/7FqXFo7uHvoqGZTJvW4z8g2IffhOO4JHaLzKCdDOUEzVKtveoZkCuUX8eV2HAINqi7VFqlFndrnz/g=="
      },
      "NAudio.Midi": {
        "type": "Transitive",
        "resolved": "2.2.1",
        "contentHash": "6r23ylGo5aeP02WFXsPquz0T0hFJWyh+7t++tz19tc3Kr38NHm+Z9j+FiAv+xkH8tZqXJqus9Q8p6u7bidIgbw==",
        "dependencies": {
          "NAudio.Core": "2.2.1"
        }
      },
      "NAudio.Wasapi": {
        "type": "Transitive",
        "resolved": "2.2.1",
        "contentHash": "lFfXoqacZZe0WqNChJgGYI+XV/n/61LzPHT3C1CJp4khoxeo2sziyX5wzNYWeCMNbsWxFvT3b3iXeY1UYjBhZw==",
        "dependencies": {
          "NAudio.Core": "2.2.1"
        }
      },
      "NAudio.WinMM": {
        "type": "Transitive",
        "resolved": "2.2.1",
        "contentHash": "xFHRFwH4x6aq3IxRbewvO33ugJRvZFEOfO62i7uQJRUNW2cnu6BeBTHUS0JD5KBucZbHZaYqxQG8dwZ47ezQuQ==",
        "dependencies": {
          "NAudio.Core": "2.2.1"
        }
      },
      "RestSharp": {
        "type": "Transitive",
        "resolved": "108.0.3",
        "contentHash": "phq1AkVhqVXHZxvWDV4fJEJKCR5OHNFUGx2Ix8o5EFShS6654oZhth4X2RWvaU/W7UexIswW0T+lTirxfLU2Ow=="
      },
      "SharpZipLib": {
        "type": "Transitive",
        "resolved": "1.3.3",
        "contentHash": "N8+hwhsKZm25tDJfWpBSW7EGhH/R7EMuiX+KJ4C4u+fCWVc1lJ5zg1u3S1RPPVYgTqhx/C3hxrqUpi6RwK5+Tg=="
      },
      "System.Composition": {
        "type": "Transitive",
        "resolved": "6.0.0",
        "contentHash": "d7wMuKQtfsxUa7S13tITC8n1cQzewuhD5iDjZtK2prwFfKVzdYtgrTHgjaV03Zq7feGQ5gkP85tJJntXwInsJA==",
        "dependencies": {
          "System.Composition.AttributedModel": "6.0.0",
          "System.Composition.Convention": "6.0.0",
          "System.Composition.Hosting": "6.0.0",
          "System.Composition.Runtime": "6.0.0",
          "System.Composition.TypedParts": "6.0.0"
        }
      },
      "System.Composition.AttributedModel": {
        "type": "Transitive",
        "resolved": "6.0.0",
        "contentHash": "WK1nSDLByK/4VoC7fkNiFuTVEiperuCN/Hyn+VN30R+W2ijO1d0Z2Qm0ScEl9xkSn1G2MyapJi8xpf4R8WRa/w=="
      },
      "System.Composition.Convention": {
        "type": "Transitive",
        "resolved": "6.0.0",
        "contentHash": "XYi4lPRdu5bM4JVJ3/UIHAiG6V6lWWUlkhB9ab4IOq0FrRsp0F4wTyV4Dj+Ds+efoXJ3qbLqlvaUozDO7OLeXA==",
        "dependencies": {
          "System.Composition.AttributedModel": "6.0.0"
        }
      },
      "System.Composition.Hosting": {
        "type": "Transitive",
        "resolved": "6.0.0",
        "contentHash": "w/wXjj7kvxuHPLdzZ0PAUt++qJl03t7lENmb2Oev0n3zbxyNULbWBlnd5J5WUMMv15kg5o+/TCZFb6lSwfaUUQ==",
        "dependencies": {
          "System.Composition.Runtime": "6.0.0"
        }
      },
      "System.Composition.Runtime": {
        "type": "Transitive",
        "resolved": "6.0.0",
        "contentHash": "qkRH/YBaMPTnzxrS5RDk1juvqed4A6HOD/CwRcDGyPpYps1J27waBddiiq1y93jk2ZZ9wuA/kynM+NO0kb3PKg=="
      },
      "System.Composition.TypedParts": {
        "type": "Transitive",
        "resolved": "6.0.0",
        "contentHash": "iUR1eHrL8Cwd82neQCJ00MpwNIBs4NZgXzrPqx8NJf/k4+mwBO0XCRmHYJT4OLSwDDqh5nBLJWkz5cROnrGhRA==",
        "dependencies": {
          "System.Composition.AttributedModel": "6.0.0",
          "System.Composition.Hosting": "6.0.0",
          "System.Composition.Runtime": "6.0.0"
        }
      },
      "System.Drawing.Common": {
        "type": "Transitive",
        "resolved": "5.0.3",
        "contentHash": "rEQZuslijqdsO0pkJn7LtGBaMc//YVA8de0meGihkg9oLPaN+w+/Pb5d71lgp0YjPoKgBKNMvdq0IPnoW4PEng==",
        "dependencies": {
          "Microsoft.Win32.SystemEvents": "5.0.0"
        }
      },
      "System.IO.Pipelines": {
        "type": "Transitive",
        "resolved": "8.0.0",
        "contentHash": "FHNOatmUq0sqJOkTx+UF/9YK1f180cnW5FVqnQMvYUN0elp6wFzbtPSiqbo1/ru8ICp43JM1i7kKkk6GsNGHlA=="
      },
      "System.Management": {
        "type": "Transitive",
        "resolved": "4.6.0",
        "contentHash": "Wyb0OtzOuuyNIIhR+cSo2fX1Q3/MtG9GaSB/r7ABZt89cNs5ZpT4yxdlKXeuciOLqBs6sbgqDayLuLLBXSK5qw==",
        "dependencies": {
          "Microsoft.NETCore.Platforms": "3.0.0",
          "System.CodeDom": "4.6.0"
        }
      },
      "System.Reactive": {
        "type": "Transitive",
        "resolved": "6.0.0",
        "contentHash": "31kfaW4ZupZzPsI5PVe77VhnvFF55qgma7KZr/E0iFTs6fmdhhG8j0mgEx620iLTey1EynOkEfnyTjtNEpJzGw=="
      },
      "System.Security.Cryptography.Pkcs": {
        "type": "Transitive",
        "resolved": "8.0.0",
        "contentHash": "ULmp3xoOwNYjOYp4JZ2NK/6NdTgiN1GQXzVVN1njQ7LOZ0d0B9vyMnhyqbIi9Qw4JXj1JgCsitkTShboHRx7Eg=="
      },
      "rurilib.http": {
        "type": "Project",
        "dependencies": {
          "RuriLib.Proxies": "[1.0.2, )",
          "System.IO.Pipelines": "[8.0.0, )"
        }
      },
      "rurilib.parallelization": {
        "type": "Project"
      },
      "rurilib.proxies": {
        "type": "Project"
      }
    }
  }
}