Microsoft Visual Studio Solution File, Format Version 12.00
# Visual Studio Version 17
VisualStudioVersion = 17.5.2.0
MinimumVisualStudioVersion = 10.0.40219.1
Project("{FAE04EC0-301F-11D3-BF4B-00C04F79EFBC}") = "RuriLib", "RuriLib.csproj", "{45851E64-759E-F2FE-95EB-294371D092FE}"
EndProject
Global
	GlobalSection(SolutionConfigurationPlatforms) = preSolution
		Debug|Any CPU = Debug|Any CPU
		Release|Any CPU = Release|Any CPU
	EndGlobalSection
	GlobalSection(ProjectConfigurationPlatforms) = postSolution
		{45851E64-759E-F2FE-95EB-294371D092FE}.Debug|Any CPU.ActiveCfg = Debug|Any CPU
		{45851E64-759E-F2FE-95EB-294371D092FE}.Debug|Any CPU.Build.0 = Debug|Any CPU
		{45851E64-759E-F2FE-95EB-294371D092FE}.Release|Any CPU.ActiveCfg = Release|Any CPU
		{45851E64-759E-F2FE-95EB-294371D092FE}.Release|Any CPU.Build.0 = Release|Any CPU
	EndGlobalSection
	GlobalSection(SolutionProperties) = preSolution
		HideSolutionNode = FALSE
	EndGlobalSection
	GlobalSection(ExtensibilityGlobals) = postSolution
		SolutionGuid = {D7E34E62-4479-46A6-A5DF-FD3BEB8FC082}
	EndGlobalSection
EndGlobal
